
Microsoft Visual Studio Solution File, Format Version 12.00
# Visual Studio 15
VisualStudioVersion = 15.0.28010.2016
MinimumVisualStudioVersion = 10.0.40219.1
Project("{8BC9CEB8-8B4A-11D0-8D11-00A0C91BC942}") = "Mediator", "Mediator\Mediator.vcxproj", "{47DE377E-75BD-44EF-80AB-CF3BEDEA82FF}"
EndProject
Global
	GlobalSection(SolutionConfigurationPlatforms) = preSolution
		Debug|x64 = Debug|x64
		Release|x64 = Release|x64
	EndGlobalSection
	GlobalSection(ProjectConfigurationPlatforms) = postSolution
		{47DE377E-75BD-44EF-80AB-CF3BEDEA82FF}.Debug|x64.ActiveCfg = Debug|x64
		{47DE377E-75BD-44EF-80AB-CF3BEDEA82FF}.Debug|x64.Build.0 = Debug|x64
		{47DE377E-75BD-44EF-80AB-CF3BEDEA82FF}.Release|x64.ActiveCfg = Release|x64
		{47DE377E-75BD-44EF-80AB-CF3BEDEA82FF}.Release|x64.Build.0 = Release|x64
	EndGlobalSection
	GlobalSection(SolutionProperties) = preSolution
		HideSolutionNode = FALSE
	EndGlobalSection
	GlobalSection(ExtensibilityGlobals) = postSolution
		SolutionGuid = {FA9B5EDD-815C-4567-9763-50544959B5AA}
	EndGlobalSection
EndGlobal
