
Microsoft Visual Studio Solution File, Format Version 12.00
# Visual Studio 15
VisualStudioVersion = 15.0.28010.2016
MinimumVisualStudioVersion = 10.0.40219.1
Project("{8BC9CEB8-8B4A-11D0-8D11-00A0C91BC942}") = "State", "State\State.vcxproj", "{0256F50E-0E22-4474-B697-73B4A09BFF1F}"
EndProject
Global
	GlobalSection(SolutionConfigurationPlatforms) = preSolution
		Debug|x64 = Debug|x64
		Release|x64 = Release|x64
	EndGlobalSection
	GlobalSection(ProjectConfigurationPlatforms) = postSolution
		{0256F50E-0E22-4474-B697-73B4A09BFF1F}.Debug|x64.ActiveCfg = Debug|x64
		{0256F50E-0E22-4474-B697-73B4A09BFF1F}.Debug|x64.Build.0 = Debug|x64
		{0256F50E-0E22-4474-B697-73B4A09BFF1F}.Release|x64.ActiveCfg = Release|x64
		{0256F50E-0E22-4474-B697-73B4A09BFF1F}.Release|x64.Build.0 = Release|x64
	EndGlobalSection
	GlobalSection(SolutionProperties) = preSolution
		HideSolutionNode = FALSE
	EndGlobalSection
	GlobalSection(ExtensibilityGlobals) = postSolution
		SolutionGuid = {F4EC89FA-9405-42B7-AB0C-7F29C5CFE810}
	EndGlobalSection
EndGlobal
